// !$*UTF8*$!
{
	archiveVersion = 1;
	classes = {
	};
	objectVersion = 56;
	objects = {

/* Begin PBXBuildFile section */
		6295EB982C5BD67B00408347 /* PalmTrackingApp.swift in Sources */ = {isa = PBXBuildFile; fileRef = 6295EB972C5BD67B00408347 /* PalmTrackingApp.swift */; };
		6295EB9A2C5BD67B00408347 /* ContentView.swift in Sources */ = {isa = PBXBuildFile; fileRef = 6295EB992C5BD67B00408347 /* ContentView.swift */; };
		6295EB9C2C5BD67C00408347 /* Assets.xcassets in Resources */ = {isa = PBXBuildFile; fileRef = 6295EB9B2C5BD67C00408347 /* Assets.xcassets */; };
		6295EB9F2C5BD67C00408347 /* Preview Assets.xcassets in Resources */ = {isa = PBXBuildFile; fileRef = 6295EB9E2C5BD67C00408347 /* Preview Assets.xcassets */; };
		6295EBB62C5BF3A400408347 /* HandTrackingService.swift in Sources */ = {isa = PBXBuildFile; fileRef = 6295EBB52C5BF3A400408347 /* HandTrackingService.swift */; };
		6295EBB82C5BF3BC00408347 /* CameraManager.swift in Sources */ = {isa = PBXBuildFile; fileRef = 6295EBB72C5BF3BC00408347 /* CameraManager.swift */; };
		6295EBBA2C5BF3DA00408347 /* VisionHelper.swift in Sources */ = {isa = PBXBuildFile; fileRef = 6295EBB92C5BF3DA00408347 /* VisionHelper.swift */; };
		6295EBBC2C5BF40600408347 /* HandPoint.swift in Sources */ = {isa = PBXBuildFile; fileRef = 6295EBBB2C5BF40600408347 /* HandPoint.swift */; };
		6295EBBE2C5BF41A00408347 /* HandTrackingViewModel.swift in Sources */ = {isa = PBXBuildFile; fileRef = 6295EBBD2C5BF41A00408347 /* HandTrackingViewModel.swift */; };
		6295EBC02C5BF45400408347 /* CameraPreview.swift in Sources */ = {isa = PBXBuildFile; fileRef = 6295EBBF2C5BF45400408347 /* CameraPreview.swift */; };
		6295EBC22C5BF47E00408347 /* HandTrackingView.swift in Sources */ = {isa = PBXBuildFile; fileRef = 6295EBC12C5BF47E00408347 /* HandTrackingView.swift */; };
/* End PBXBuildFile section */

/* Begin PBXFileReference section */
		6295EB942C5BD67B00408347 /* PalmTracking.app */ = {isa = PBXFileReference; explicitFileType = wrapper.application; includeInIndex = 0; path = PalmTracking.app; sourceTree = BUILT_PRODUCTS_DIR; };
		6295EB972C5BD67B00408347 /* PalmTrackingApp.swift */ = {isa = PBXFileReference; lastKnownFileType = sourcecode.swift; path = PalmTrackingApp.swift; sourceTree = "<group>"; };
		6295EB992C5BD67B00408347 /* ContentView.swift */ = {isa = PBXFileReference; lastKnownFileType = sourcecode.swift; path = ContentView.swift; sourceTree = "<group>"; };
		6295EB9B2C5BD67C00408347 /* Assets.xcassets */ = {isa = PBXFileReference; lastKnownFileType = folder.assetcatalog; path = Assets.xcassets; sourceTree = "<group>"; };
		6295EB9E2C5BD67C00408347 /* Preview Assets.xcassets */ = {isa = PBXFileReference; lastKnownFileType = folder.assetcatalog; path = "Preview Assets.xcassets"; sourceTree = "<group>"; };
		6295EBB52C5BF3A400408347 /* HandTrackingService.swift */ = {isa = PBXFileReference; lastKnownFileType = sourcecode.swift; path = HandTrackingService.swift; sourceTree = "<group>"; };
		6295EBB72C5BF3BC00408347 /* CameraManager.swift */ = {isa = PBXFileReference; lastKnownFileType = sourcecode.swift; path = CameraManager.swift; sourceTree = "<group>"; };
		6295EBB92C5BF3DA00408347 /* VisionHelper.swift */ = {isa = PBXFileReference; lastKnownFileType = sourcecode.swift; path = VisionHelper.swift; sourceTree = "<group>"; };
		6295EBBB2C5BF40600408347 /* HandPoint.swift */ = {isa = PBXFileReference; lastKnownFileType = sourcecode.swift; path = HandPoint.swift; sourceTree = "<group>"; };
		6295EBBD2C5BF41A00408347 /* HandTrackingViewModel.swift */ = {isa = PBXFileReference; lastKnownFileType = sourcecode.swift; path = HandTrackingViewModel.swift; sourceTree = "<group>"; };
		6295EBBF2C5BF45400408347 /* CameraPreview.swift */ = {isa = PBXFileReference; lastKnownFileType = sourcecode.swift; path = CameraPreview.swift; sourceTree = "<group>"; };
		6295EBC12C5BF47E00408347 /* HandTrackingView.swift */ = {isa = PBXFileReference; lastKnownFileType = sourcecode.swift; path = HandTrackingView.swift; sourceTree = "<group>"; };
/* End PBXFileReference section */

/* Begin PBXFrameworksBuildPhase section */
		6295EB912C5BD67B00408347 /* Frameworks */ = {
			isa = PBXFrameworksBuildPhase;
			buildActionMask = 2147483647;
			files = (
			);
			runOnlyForDeploymentPostprocessing = 0;
		};
/* End PBXFrameworksBuildPhase section */

/* Begin PBXGroup section */
		6295EB8B2C5BD67B00408347 = {
			isa = PBXGroup;
			children = (
				6295EB962C5BD67B00408347 /* PalmTracking */,
				6295EB952C5BD67B00408347 /* Products */,
			);
			sourceTree = "<group>";
		};
		6295EB952C5BD67B00408347 /* Products */ = {
			isa = PBXGroup;
			children = (
				6295EB942C5BD67B00408347 /* PalmTracking.app */,
			);
			name = Products;
			sourceTree = "<group>";
		};
		6295EB962C5BD67B00408347 /* PalmTracking */ = {
			isa = PBXGroup;
			children = (
				6295EBAA2C5BD6BA00408347 /* UI */,
				6295EBA92C5BD6B300408347 /* ViewModel */,
				6295EBA82C5BD6AB00408347 /* Data */,
				6295EBA72C5BD69300408347 /* Manager */,
				6295EBA62C5BD68D00408347 /* Service */,
				6295EBA52C5BD68700408347 /* Model */,
				6295EB972C5BD67B00408347 /* PalmTrackingApp.swift */,
				6295EB992C5BD67B00408347 /* ContentView.swift */,
				6295EB9B2C5BD67C00408347 /* Assets.xcassets */,
				6295EB9D2C5BD67C00408347 /* Preview Content */,
			);
			path = PalmTracking;
			sourceTree = "<group>";
		};
		6295EB9D2C5BD67C00408347 /* Preview Content */ = {
			isa = PBXGroup;
			children = (
				6295EB9E2C5BD67C00408347 /* Preview Assets.xcassets */,
			);
			path = "Preview Content";
			sourceTree = "<group>";
		};
		6295EBA52C5BD68700408347 /* Model */ = {
			isa = PBXGroup;
			children = (
				6295EBBB2C5BF40600408347 /* HandPoint.swift */,
			);
			path = Model;
			sourceTree = "<group>";
		};
		6295EBA62C5BD68D00408347 /* Service */ = {
			isa = PBXGroup;
			children = (
				6295EBB52C5BF3A400408347 /* HandTrackingService.swift */,
				6295EBB92C5BF3DA00408347 /* VisionHelper.swift */,
			);
			path = Service;
			sourceTree = "<group>";
		};
		6295EBA72C5BD69300408347 /* Manager */ = {
			isa = PBXGroup;
			children = (
				6295EBB72C5BF3BC00408347 /* CameraManager.swift */,
			);
			path = Manager;
			sourceTree = "<group>";
		};
		6295EBA82C5BD6AB00408347 /* Data */ = {
			isa = PBXGroup;
			children = (
			);
			path = Data;
			sourceTree = "<group>";
		};
		6295EBA92C5BD6B300408347 /* ViewModel */ = {
			isa = PBXGroup;
			children = (
				6295EBBD2C5BF41A00408347 /* HandTrackingViewModel.swift */,
			);
			path = ViewModel;
			sourceTree = "<group>";
		};
		6295EBAA2C5BD6BA00408347 /* UI */ = {
			isa = PBXGroup;
			children = (
				6295EBBF2C5BF45400408347 /* CameraPreview.swift */,
				6295EBC12C5BF47E00408347 /* HandTrackingView.swift */,
			);
			path = UI;
			sourceTree = "<group>";
		};
/* End PBXGroup section */

/* Begin PBXNativeTarget section */
		6295EB932C5BD67B00408347 /* PalmTracking */ = {
			isa = PBXNativeTarget;
			buildConfigurationList = 6295EBA22C5BD67C00408347 /* Build configuration list for PBXNativeTarget "PalmTracking" */;
			buildPhases = (
				6295EB902C5BD67B00408347 /* Sources */,
				6295EB912C5BD67B00408347 /* Frameworks */,
				6295EB922C5BD67B00408347 /* Resources */,
			);
			buildRules = (
			);
			dependencies = (
			);
			name = PalmTracking;
			productName = PalmTracking;
			productReference = 6295EB942C5BD67B00408347 /* PalmTracking.app */;
			productType = "com.apple.product-type.application";
		};
/* End PBXNativeTarget section */

/* Begin PBXProject section */
		6295EB8C2C5BD67B00408347 /* Project object */ = {
			isa = PBXProject;
			attributes = {
				BuildIndependentTargetsInParallel = 1;
				LastSwiftUpdateCheck = 1540;
				LastUpgradeCheck = 1540;
				TargetAttributes = {
					6295EB932C5BD67B00408347 = {
						CreatedOnToolsVersion = 15.4;
					};
				};
			};
			buildConfigurationList = 6295EB8F2C5BD67B00408347 /* Build configuration list for PBXProject "PalmTracking" */;
			compatibilityVersion = "Xcode 14.0";
			developmentRegion = en;
			hasScannedForEncodings = 0;
			knownRegions = (
				en,
				Base,
			);
			mainGroup = 6295EB8B2C5BD67B00408347;
			productRefGroup = 6295EB952C5BD67B00408347 /* Products */;
			projectDirPath = "";
			projectRoot = "";
			targets = (
				6295EB932C5BD67B00408347 /* PalmTracking */,
			);
		};
/* End PBXProject section */

/* Begin PBXResourcesBuildPhase section */
		6295EB922C5BD67B00408347 /* Resources */ = {
			isa = PBXResourcesBuildPhase;
			buildActionMask = 2147483647;
			files = (
				6295EB9F2C5BD67C00408347 /* Preview Assets.xcassets in Resources */,
				6295EB9C2C5BD67C00408347 /* Assets.xcassets in Resources */,
			);
			runOnlyForDeploymentPostprocessing = 0;
		};
/* End PBXResourcesBuildPhase section */

/* Begin PBXSourcesBuildPhase section */
		6295EB902C5BD67B00408347 /* Sources */ = {
			isa = PBXSourcesBuildPhase;
			buildActionMask = 2147483647;
			files = (
				6295EB9A2C5BD67B00408347 /* ContentView.swift in Sources */,
				6295EBC22C5BF47E00408347 /* HandTrackingView.swift in Sources */,
				6295EBC02C5BF45400408347 /* CameraPreview.swift in Sources */,
				6295EBBA2C5BF3DA00408347 /* VisionHelper.swift in Sources */,
				6295EB982C5BD67B00408347 /* PalmTrackingApp.swift in Sources */,
				6295EBB82C5BF3BC00408347 /* CameraManager.swift in Sources */,
				6295EBB62C5BF3A400408347 /* HandTrackingService.swift in Sources */,
				6295EBBE2C5BF41A00408347 /* HandTrackingViewModel.swift in Sources */,
				6295EBBC2C5BF40600408347 /* HandPoint.swift in Sources */,
			);
			runOnlyForDeploymentPostprocessing = 0;
		};
/* End PBXSourcesBuildPhase section */

/* Begin XCBuildConfiguration section */
		6295EBA02C5BD67C00408347 /* Debug */ = {
			isa = XCBuildConfiguration;
			buildSettings = {
				ALWAYS_SEARCH_USER_PATHS = NO;
				ASSETCATALOG_COMPILER_GENERATE_SWIFT_ASSET_SYMBOL_EXTENSIONS = YES;
				CLANG_ANALYZER_NONNULL = YES;
				CLANG_ANALYZER_NUMBER_OBJECT_CONVERSION = YES_AGGRESSIVE;
				CLANG_CXX_LANGUAGE_STANDARD = "gnu++20";
				CLANG_ENABLE_MODULES = YES;
				CLANG_ENABLE_OBJC_ARC = YES;
				CLANG_ENABLE_OBJC_WEAK = YES;
				CLANG_WARN_BLOCK_CAPTURE_AUTORELEASING = YES;
				CLANG_WARN_BOOL_CONVERSION = YES;
				CLANG_WARN_COMMA = YES;
				CLANG_WARN_CONSTANT_CONVERSION = YES;
				CLANG_WARN_DEPRECATED_OBJC_IMPLEMENTATIONS = YES;
				CLANG_WARN_DIRECT_OBJC_ISA_USAGE = YES_ERROR;
				CLANG_WARN_DOCUMENTATION_COMMENTS = YES;
				CLANG_WARN_EMPTY_BODY = YES;
				CLANG_WARN_ENUM_CONVERSION = YES;
				CLANG_WARN_INFINITE_RECURSION = YES;
				CLANG_WARN_INT_CONVERSION = YES;
				CLANG_WARN_NON_LITERAL_NULL_CONVERSION = YES;
				CLANG_WARN_OBJC_IMPLICIT_RETAIN_SELF = YES;
				CLANG_WARN_OBJC_LITERAL_CONVERSION = YES;
				CLANG_WARN_OBJC_ROOT_CLASS = YES_ERROR;
				CLANG_WARN_QUOTED_INCLUDE_IN_FRAMEWORK_HEADER = YES;
				CLANG_WARN_RANGE_LOOP_ANALYSIS = YES;
				CLANG_WARN_STRICT_PROTOTYPES = YES;
				CLANG_WARN_SUSPICIOUS_MOVE = YES;
				CLANG_WARN_UNGUARDED_AVAILABILITY = YES_AGGRESSIVE;
				CLANG_WARN_UNREACHABLE_CODE = YES;
				CLANG_WARN__DUPLICATE_METHOD_MATCH = YES;
				COPY_PHASE_STRIP = NO;
				DEBUG_INFORMATION_FORMAT = dwarf;
				ENABLE_STRICT_OBJC_MSGSEND = YES;
				ENABLE_TESTABILITY = YES;
				ENABLE_USER_SCRIPT_SANDBOXING = YES;
				GCC_C_LANGUAGE_STANDARD = gnu17;
				GCC_DYNAMIC_NO_PIC = NO;
				GCC_NO_COMMON_BLOCKS = YES;
				GCC_OPTIMIZATION_LEVEL = 0;
				GCC_PREPROCESSOR_DEFINITIONS = (
					"DEBUG=1",
					"$(inherited)",
				);
				GCC_WARN_64_TO_32_BIT_CONVERSION = YES;
				GCC_WARN_ABOUT_RETURN_TYPE = YES_ERROR;
				GCC_WARN_UNDECLARED_SELECTOR = YES;
				GCC_WARN_UNINITIALIZED_AUTOS = YES_AGGRESSIVE;
				GCC_WARN_UNUSED_FUNCTION = YES;
				GCC_WARN_UNUSED_VARIABLE = YES;
				IPHONEOS_DEPLOYMENT_TARGET = 17.5;
				LOCALIZATION_PREFERS_STRING_CATALOGS = YES;
				MTL_ENABLE_DEBUG_INFO = INCLUDE_SOURCE;
				MTL_FAST_MATH = YES;
				ONLY_ACTIVE_ARCH = YES;
				SDKROOT = iphoneos;
				SWIFT_ACTIVE_COMPILATION_CONDITIONS = "DEBUG $(inherited)";
				SWIFT_OPTIMIZATION_LEVEL = "-Onone";
			};
			name = Debug;
		};
		6295EBA12C5BD67C00408347 /* Release */ = {
			isa = XCBuildConfiguration;
			buildSettings = {
				ALWAYS_SEARCH_USER_PATHS = NO;
				ASSETCATALOG_COMPILER_GENERATE_SWIFT_ASSET_SYMBOL_EXTENSIONS = YES;
				CLANG_ANALYZER_NONNULL = YES;
				CLANG_ANALYZER_NUMBER_OBJECT_CONVERSION = YES_AGGRESSIVE;
				CLANG_CXX_LANGUAGE_STANDARD = "gnu++20";
				CLANG_ENABLE_MODULES = YES;
				CLANG_ENABLE_OBJC_ARC = YES;
				CLANG_ENABLE_OBJC_WEAK = YES;
				CLANG_WARN_BLOCK_CAPTURE_AUTORELEASING = YES;
				CLANG_WARN_BOOL_CONVERSION = YES;
				CLANG_WARN_COMMA = YES;
				CLANG_WARN_CONSTANT_CONVERSION = YES;
				CLANG_WARN_DEPRECATED_OBJC_IMPLEMENTATIONS = YES;
				CLANG_WARN_DIRECT_OBJC_ISA_USAGE = YES_ERROR;
				CLANG_WARN_DOCUMENTATION_COMMENTS = YES;
				CLANG_WARN_EMPTY_BODY = YES;
				CLANG_WARN_ENUM_CONVERSION = YES;
				CLANG_WARN_INFINITE_RECURSION = YES;
				CLANG_WARN_INT_CONVERSION = YES;
				CLANG_WARN_NON_LITERAL_NULL_CONVERSION = YES;
				CLANG_WARN_OBJC_IMPLICIT_RETAIN_SELF = YES;
				CLANG_WARN_OBJC_LITERAL_CONVERSION = YES;
				CLANG_WARN_OBJC_ROOT_CLASS = YES_ERROR;
				CLANG_WARN_QUOTED_INCLUDE_IN_FRAMEWORK_HEADER = YES;
				CLANG_WARN_RANGE_LOOP_ANALYSIS = YES;
				CLANG_WARN_STRICT_PROTOTYPES = YES;
				CLANG_WARN_SUSPICIOUS_MOVE = YES;
				CLANG_WARN_UNGUARDED_AVAILABILITY = YES_AGGRESSIVE;
				CLANG_WARN_UNREACHABLE_CODE = YES;
				CLANG_WARN__DUPLICATE_METHOD_MATCH = YES;
				COPY_PHASE_STRIP = NO;
				DEBUG_INFORMATION_FORMAT = "dwarf-with-dsym";
				ENABLE_NS_ASSERTIONS = NO;
				ENABLE_STRICT_OBJC_MSGSEND = YES;
				ENABLE_USER_SCRIPT_SANDBOXING = YES;
				GCC_C_LANGUAGE_STANDARD = gnu17;
				GCC_NO_COMMON_BLOCKS = YES;
				GCC_WARN_64_TO_32_BIT_CONVERSION = YES;
				GCC_WARN_ABOUT_RETURN_TYPE = YES_ERROR;
				GCC_WARN_UNDECLARED_SELECTOR = YES;
				GCC_WARN_UNINITIALIZED_AUTOS = YES_AGGRESSIVE;
				GCC_WARN_UNUSED_FUNCTION = YES;
				GCC_WARN_UNUSED_VARIABLE = YES;
				IPHONEOS_DEPLOYMENT_TARGET = 17.5;
				LOCALIZATION_PREFERS_STRING_CATALOGS = YES;
				MTL_ENABLE_DEBUG_INFO = NO;
				MTL_FAST_MATH = YES;
				SDKROOT = iphoneos;
				SWIFT_COMPILATION_MODE = wholemodule;
				VALIDATE_PRODUCT = YES;
			};
			name = Release;
		};
		6295EBA32C5BD67C00408347 /* Debug */ = {
			isa = XCBuildConfiguration;
			buildSettings = {
				ASSETCATALOG_COMPILER_APPICON_NAME = AppIcon;
				ASSETCATALOG_COMPILER_GLOBAL_ACCENT_COLOR_NAME = AccentColor;
				CODE_SIGN_STYLE = Automatic;
				CURRENT_PROJECT_VERSION = 1;
				DEVELOPMENT_ASSET_PATHS = "\"PalmTracking/Preview Content\"";
				DEVELOPMENT_TEAM = WTU6YK528U;
				ENABLE_PREVIEWS = YES;
				GENERATE_INFOPLIST_FILE = YES;
				INFOPLIST_KEY_NSCameraUsageDescription = "We need access to the camera to detect and track your hand movements.";
				INFOPLIST_KEY_UIApplicationSceneManifest_Generation = YES;
				INFOPLIST_KEY_UIApplicationSupportsIndirectInputEvents = YES;
				INFOPLIST_KEY_UILaunchScreen_Generation = YES;
				INFOPLIST_KEY_UISupportedInterfaceOrientations_iPad = "UIInterfaceOrientationPortrait UIInterfaceOrientationPortraitUpsideDown UIInterfaceOrientationLandscapeLeft UIInterfaceOrientationLandscapeRight";
				INFOPLIST_KEY_UISupportedInterfaceOrientations_iPhone = "UIInterfaceOrientationPortrait UIInterfaceOrientationLandscapeLeft UIInterfaceOrientationLandscapeRight";
				LD_RUNPATH_SEARCH_PATHS = (
					"$(inherited)",
					"@executable_path/Frameworks",
				);
				MARKETING_VERSION = 1.0;
				PRODUCT_BUNDLE_IDENTIFIER = args06.PalmTracking;
				PRODUCT_NAME = "$(TARGET_NAME)";
				SWIFT_EMIT_LOC_STRINGS = YES;
				SWIFT_VERSION = 5.0;
				TARGETED_DEVICE_FAMILY = "1,2";
			};
			name = Debug;
		};
		6295EBA42C5BD67C00408347 /* Release */ = {
			isa = XCBuildConfiguration;
			buildSettings = {
				ASSETCATALOG_COMPILER_APPICON_NAME = AppIcon;
				ASSETCATALOG_COMPILER_GLOBAL_ACCENT_COLOR_NAME = AccentColor;
				CODE_SIGN_STYLE = Automatic;
				CURRENT_PROJECT_VERSION = 1;
				DEVELOPMENT_ASSET_PATHS = "\"PalmTracking/Preview Content\"";
				DEVELOPMENT_TEAM = WTU6YK528U;
				ENABLE_PREVIEWS = YES;
				GENERATE_INFOPLIST_FILE = YES;
				INFOPLIST_KEY_NSCameraUsageDescription = "We need access to the camera to detect and track your hand movements.";
				INFOPLIST_KEY_UIApplicationSceneManifest_Generation = YES;
				INFOPLIST_KEY_UIApplicationSupportsIndirectInputEvents = YES;
				INFOPLIST_KEY_UILaunchScreen_Generation = YES;
				INFOPLIST_KEY_UISupportedInterfaceOrientations_iPad = "UIInterfaceOrientationPortrait UIInterfaceOrientationPortraitUpsideDown UIInterfaceOrientationLandscapeLeft UIInterfaceOrientationLandscapeRight";
				INFOPLIST_KEY_UISupportedInterfaceOrientations_iPhone = "UIInterfaceOrientationPortrait UIInterfaceOrientationLandscapeLeft UIInterfaceOrientationLandscapeRight";
				LD_RUNPATH_SEARCH_PATHS = (
					"$(inherited)",
					"@executable_path/Frameworks",
				);
				MARKETING_VERSION = 1.0;
				PRODUCT_BUNDLE_IDENTIFIER = args06.PalmTracking;
				PRODUCT_NAME = "$(TARGET_NAME)";
				SWIFT_EMIT_LOC_STRINGS = YES;
				SWIFT_VERSION = 5.0;
				TARGETED_DEVICE_FAMILY = "1,2";
			};
			name = Release;
		};
/* End XCBuildConfiguration section */

/* Begin XCConfigurationList section */
		6295EB8F2C5BD67B00408347 /* Build configuration list for PBXProject "PalmTracking" */ = {
			isa = XCConfigurationList;
			buildConfigurations = (
				6295EBA02C5BD67C00408347 /* Debug */,
				6295EBA12C5BD67C00408347 /* Release */,
			);
			defaultConfigurationIsVisible = 0;
			defaultConfigurationName = Release;
		};
		6295EBA22C5BD67C00408347 /* Build configuration list for PBXNativeTarget "PalmTracking" */ = {
			isa = XCConfigurationList;
			buildConfigurations = (
				6295EBA32C5BD67C00408347 /* Debug */,
				6295EBA42C5BD67C00408347 /* Release */,
			);
			defaultConfigurationIsVisible = 0;
			defaultConfigurationName = Release;
		};
/* End XCConfigurationList section */
	};
	rootObject = 6295EB8C2C5BD67B00408347 /* Project object */;
}
